
Microsoft Visual Studio Solution File, Format Version 12.00
# Visual Studio Version 16
VisualStudioVersion = 16.0.31019.35
MinimumVisualStudioVersion = 10.0.40219.1
Project("{9A19103F-16F7-4668-BE54-9A1E7A4F7556}") = "DataAccess", "DataAccess\DataAccess.csproj", "{1ADD874B-B72B-4E7E-B14D-2A4A9EFC18CD}"
EndProject
Project("{9A19103F-16F7-4668-BE54-9A1E7A4F7556}") = "Business", "Business\Business.csproj", "{9D86285B-5387-4535-AC08-D0C6B97C4164}"
EndProject
Project("{9A19103F-16F7-4668-BE54-9A1E7A4F7556}") = "Entities", "Entities\Entities.csproj", "{6B77B0F9-2065-413B-A9C1-0939BF663793}"
EndProject
Project("{9A19103F-16F7-4668-BE54-9A1E7A4F7556}") = "ConsoleUI", "ConsoleUI\ConsoleUI.csproj", "{F822E2DA-73F6-4EF9-B249-7DF8F368874F}"
EndProject
Project("{9A19103F-16F7-4668-BE54-9A1E7A4F7556}") = "Core", "Core\Core.csproj", "{1C5A1E60-1CE0-439B-ABA3-8FFF9494509B}"
EndProject
Project("{FAE04EC0-301F-11D3-BF4B-00C04F79EFBC}") = "WebAPI", "WebAPI\WebAPI.csproj", "{3FC74962-DE22-43D4-A02C-32DD6494346E}"
EndProject
Global
	GlobalSection(SolutionConfigurationPlatforms) = preSolution
		Debug|Any CPU = Debug|Any CPU
		Release|Any CPU = Release|Any CPU
	EndGlobalSection
	GlobalSection(ProjectConfigurationPlatforms) = postSolution
		{1ADD874B-B72B-4E7E-B14D-2A4A9EFC18CD}.Debug|Any CPU.ActiveCfg = Debug|Any CPU
		{1ADD874B-B72B-4E7E-B14D-2A4A9EFC18CD}.Debug|Any CPU.Build.0 = Debug|Any CPU
		{1ADD874B-B72B-4E7E-B14D-2A4A9EFC18CD}.Release|Any CPU.ActiveCfg = Release|Any CPU
		{1ADD874B-B72B-4E7E-B14D-2A4A9EFC18CD}.Release|Any CPU.Build.0 = Release|Any CPU
		{9D86285B-5387-4535-AC08-D0C6B97C4164}.Debug|Any CPU.ActiveCfg = Debug|Any CPU
		{9D86285B-5387-4535-AC08-D0C6B97C4164}.Debug|Any CPU.Build.0 = Debug|Any CPU
		{9D86285B-5387-4535-AC08-D0C6B97C4164}.Release|Any CPU.ActiveCfg = Release|Any CPU
		{9D86285B-5387-4535-AC08-D0C6B97C4164}.Release|Any CPU.Build.0 = Release|Any CPU
		{6B77B0F9-2065-413B-A9C1-0939BF663793}.Debug|Any CPU.ActiveCfg = Debug|Any CPU
		{6B77B0F9-2065-413B-A9C1-0939BF663793}.Debug|Any CPU.Build.0 = Debug|Any CPU
		{6B77B0F9-2065-413B-A9C1-0939BF663793}.Release|Any CPU.ActiveCfg = Release|Any CPU
		{6B77B0F9-2065-413B-A9C1-0939BF663793}.Release|Any CPU.Build.0 = Release|Any CPU
		{F822E2DA-73F6-4EF9-B249-7DF8F368874F}.Debug|Any CPU.ActiveCfg = Debug|Any CPU
		{F822E2DA-73F6-4EF9-B249-7DF8F368874F}.Debug|Any CPU.Build.0 = Debug|Any CPU
		{F822E2DA-73F6-4EF9-B249-7DF8F368874F}.Release|Any CPU.ActiveCfg = Release|Any CPU
		{F822E2DA-73F6-4EF9-B249-7DF8F368874F}.Release|Any CPU.Build.0 = Release|Any CPU
		{1C5A1E60-1CE0-439B-ABA3-8FFF9494509B}.Debug|Any CPU.ActiveCfg = Debug|Any CPU
		{1C5A1E60-1CE0-439B-ABA3-8FFF9494509B}.Debug|Any CPU.Build.0 = Debug|Any CPU
		{1C5A1E60-1CE0-439B-ABA3-8FFF9494509B}.Release|Any CPU.ActiveCfg = Release|Any CPU
		{1C5A1E60-1CE0-439B-ABA3-8FFF9494509B}.Release|Any CPU.Build.0 = Release|Any CPU
		{3FC74962-DE22-43D4-A02C-32DD6494346E}.Debug|Any CPU.ActiveCfg = Debug|Any CPU
		{3FC74962-DE22-43D4-A02C-32DD6494346E}.Debug|Any CPU.Build.0 = Debug|Any CPU
		{3FC74962-DE22-43D4-A02C-32DD6494346E}.Release|Any CPU.ActiveCfg = Release|Any CPU
		{3FC74962-DE22-43D4-A02C-32DD6494346E}.Release|Any CPU.Build.0 = Release|Any CPU
	EndGlobalSection
	GlobalSection(SolutionProperties) = preSolution
		HideSolutionNode = FALSE
	EndGlobalSection
	GlobalSection(ExtensibilityGlobals) = postSolution
		SolutionGuid = {6D82E532-97A3-4AB6-BA00-D939A815D8DB}
	EndGlobalSection
EndGlobal
